
Microsoft Visual Studio Solution File, Format Version 12.00
# Visual Studio Version 17
VisualStudioVersion = 17.3.32811.315
MinimumVisualStudioVersion = 10.0.40219.1
Project("{FAE04EC0-301F-11D3-BF4B-00C04F79EFBC}") = "CadastroCandidatosRH", "CadastroCandidatosRH\CadastroCandidatosRH.csproj", "{BCFA9609-E8D4-462F-A117-75B92DAAA111}"
EndProject
Global
	GlobalSection(SolutionConfigurationPlatforms) = preSolution
		Debug|Any CPU = Debug|Any CPU
		Release|Any CPU = Release|Any CPU
	EndGlobalSection
	GlobalSection(ProjectConfigurationPlatforms) = postSolution
		{BCFA9609-E8D4-462F-A117-75B92DAAA111}.Debug|Any CPU.ActiveCfg = Debug|Any CPU
		{BCFA9609-E8D4-462F-A117-75B92DAAA111}.Debug|Any CPU.Build.0 = Debug|Any CPU
		{BCFA9609-E8D4-462F-A117-75B92DAAA111}.Release|Any CPU.ActiveCfg = Release|Any CPU
		{BCFA9609-E8D4-462F-A117-75B92DAAA111}.Release|Any CPU.Build.0 = Release|Any CPU
	EndGlobalSection
	GlobalSection(SolutionProperties) = preSolution
		HideSolutionNode = FALSE
	EndGlobalSection
	GlobalSection(ExtensibilityGlobals) = postSolution
		SolutionGuid = {0E2541A0-11A3-4397-8141-DF9023E42188}
	EndGlobalSection
EndGlobal
